// !$*UTF8*$!
{
	archiveVersion = 1;
	classes = {
	};
	objectVersion = 55;
	objects = {

/* Begin PBXBuildFile section */
		E215CF2728596AFB00198F26 /* PouringDiaryApp.swift in Sources */ = {isa = PBXBuildFile; fileRef = E215CF1428596AFB00198F26 /* PouringDiaryApp.swift */; };
		E215CF2928596AFB00198F26 /* MainTabView.swift in Sources */ = {isa = PBXBuildFile; fileRef = E215CF1528596AFB00198F26 /* MainTabView.swift */; };
		E215CF2B28596AFB00198F26 /* PersistenceController.swift in Sources */ = {isa = PBXBuildFile; fileRef = E215CF1628596AFB00198F26 /* PersistenceController.swift */; };
		E215CF2D28596AFB00198F26 /* Assets.xcassets in Resources */ = {isa = PBXBuildFile; fileRef = E215CF1728596AFB00198F26 /* Assets.xcassets */; };
		E21CBB4D2859CC24008CEDC3 /* AppEnvironment.swift in Sources */ = {isa = PBXBuildFile; fileRef = E21CBB4C2859CC24008CEDC3 /* AppEnvironment.swift */; };
		E21F3FC0286F396900BFB481 /* CoffeeBeanList.swift in Sources */ = {isa = PBXBuildFile; fileRef = E21F3FBF286F396900BFB481 /* CoffeeBeanList.swift */; };
		E23CB3A428937C700001BB7B /* SharedPost+Extension.swift in Sources */ = {isa = PBXBuildFile; fileRef = E23CB3A328937C700001BB7B /* SharedPost+Extension.swift */; };
		E23CB3A728937EC90001BB7B /* SharePostForm.swift in Sources */ = {isa = PBXBuildFile; fileRef = E23CB3A628937EC90001BB7B /* SharePostForm.swift */; };
		E23CB3AA2893BEA60001BB7B /* MappingModel_v0.1.0.xcmappingmodel in Sources */ = {isa = PBXBuildFile; fileRef = E23CB3A92893BEA60001BB7B /* MappingModel_v0.1.0.xcmappingmodel */; };
		E246D6C1289211280034AEFA /* Color+Extension.swift in Sources */ = {isa = PBXBuildFile; fileRef = E246D6C0289211280034AEFA /* Color+Extension.swift */; };
		E2492A2F28927AE30060E51C /* PhotoPicker.swift in Sources */ = {isa = PBXBuildFile; fileRef = E2492A2E28927AE30060E51C /* PhotoPicker.swift */; };
		E24C64EF28A2FBD900EAECB2 /* FirebaseAnalyticsSwift in Frameworks */ = {isa = PBXBuildFile; productRef = E24C64EE28A2FBD900EAECB2 /* FirebaseAnalyticsSwift */; };
		E24C64F128A2FBD900EAECB2 /* FirebaseAnalyticsWithoutAdIdSupport in Frameworks */ = {isa = PBXBuildFile; productRef = E24C64F028A2FBD900EAECB2 /* FirebaseAnalyticsWithoutAdIdSupport */; };
		E26960B8286502FC00862F8E /* CoffeeBeanForm.swift in Sources */ = {isa = PBXBuildFile; fileRef = E26960B7286502FC00862F8E /* CoffeeBeanForm.swift */; };
		E26960BB2865156E00862F8E /* TagItem.swift in Sources */ = {isa = PBXBuildFile; fileRef = E26960BA2865156E00862F8E /* TagItem.swift */; };
		E269FE7C288D2F8D00AF17D3 /* PouringDiary.xcdatamodeld in Sources */ = {isa = PBXBuildFile; fileRef = E269FE7A288D2F8D00AF17D3 /* PouringDiary.xcdatamodeld */; };
		E283540428810ABA00BA4A7D /* FlavorItem.swift in Sources */ = {isa = PBXBuildFile; fileRef = E283540328810ABA00BA4A7D /* FlavorItem.swift */; };
		E29A754C2859B767007379FD /* Tag+Extension.swift in Sources */ = {isa = PBXBuildFile; fileRef = E29A754B2859B767007379FD /* Tag+Extension.swift */; };
		E29D02562877CC7F00A84A5D /* CoffeeBeanPicker.swift in Sources */ = {isa = PBXBuildFile; fileRef = E29D02552877CC7F00A84A5D /* CoffeeBeanPicker.swift */; };
		E2ABD29F288F7E3100CBFCFF /* PublicTagList.swift in Sources */ = {isa = PBXBuildFile; fileRef = E2ABD29E288F7E3100CBFCFF /* PublicTagList.swift */; };
		E2ABD2A3288FD1C000CBFCFF /* InfoPlist.strings in Resources */ = {isa = PBXBuildFile; fileRef = E2ABD2A5288FD1C000CBFCFF /* InfoPlist.strings */; };
		E2ABD2A82890C3D900CBFCFF /* FlavorSummary.swift in Sources */ = {isa = PBXBuildFile; fileRef = E2ABD2A72890C3D900CBFCFF /* FlavorSummary.swift */; };
		E2ABD2AA2890C71100CBFCFF /* DiaryMemoCard.swift in Sources */ = {isa = PBXBuildFile; fileRef = E2ABD2A92890C71100CBFCFF /* DiaryMemoCard.swift */; };
		E2AC03562863F9470005FFD2 /* CoffeeBean+Extension.swift in Sources */ = {isa = PBXBuildFile; fileRef = E2AC03552863F9470005FFD2 /* CoffeeBean+Extension.swift */; };
		E2B3DEA9287C122B00DCCBAB /* Diary+Extension.swift in Sources */ = {isa = PBXBuildFile; fileRef = E2B3DEA8287C122B00DCCBAB /* Diary+Extension.swift */; };
		E2B3DEAC287CF84100DCCBAB /* DiaryList.swift in Sources */ = {isa = PBXBuildFile; fileRef = E2B3DEAB287CF84100DCCBAB /* DiaryList.swift */; };
		E2B3DEAF287CF84A00DCCBAB /* DiaryForm.swift in Sources */ = {isa = PBXBuildFile; fileRef = E2B3DEAE287CF84A00DCCBAB /* DiaryForm.swift */; };
		E2B3DEB2287D3A7500DCCBAB /* RecipePicker.swift in Sources */ = {isa = PBXBuildFile; fileRef = E2B3DEB1287D3A7500DCCBAB /* RecipePicker.swift */; };
		E2B3DEB6287E103D00DCCBAB /* Date+Extension.swift in Sources */ = {isa = PBXBuildFile; fileRef = E2B3DEB5287E103D00DCCBAB /* Date+Extension.swift */; };
		E2B481D428653DC100FBA847 /* TagPicker.swift in Sources */ = {isa = PBXBuildFile; fileRef = E2B481D328653DC100FBA847 /* TagPicker.swift */; };
		E2B481D92865453300FBA847 /* TagForm.swift in Sources */ = {isa = PBXBuildFile; fileRef = E2B481D82865453300FBA847 /* TagForm.swift */; };
		E2B6F035289B132E0081D8EB /* ImageData+Extension.swift in Sources */ = {isa = PBXBuildFile; fileRef = E2B6F034289B132E0081D8EB /* ImageData+Extension.swift */; };
		E2B6F037289B20700081D8EB /* PermissionController.swift in Sources */ = {isa = PBXBuildFile; fileRef = E2B6F036289B20700081D8EB /* PermissionController.swift */; };
		E2B6F03F289B4DDE0081D8EB /* AppDelegate.swift in Sources */ = {isa = PBXBuildFile; fileRef = E2B6F03E289B4DDE0081D8EB /* AppDelegate.swift */; };
		E2B6F041289B4E450081D8EB /* GoogleService-Info.plist in Resources */ = {isa = PBXBuildFile; fileRef = E2B6F040289B4E450081D8EB /* GoogleService-Info.plist */; };
		E2BC211C287FB1560000CEC1 /* FlavorRecordPicker.swift in Sources */ = {isa = PBXBuildFile; fileRef = E2BC211B287FB1560000CEC1 /* FlavorRecordPicker.swift */; };
		E2D255D7288BD21D00D2932F /* PublicTag+Extension.swift in Sources */ = {isa = PBXBuildFile; fileRef = E2D255D6288BD21D00D2932F /* PublicTag+Extension.swift */; };
		E2D8D0C1287EB918009A6427 /* Diary+FlavorRecord.swift in Sources */ = {isa = PBXBuildFile; fileRef = E2D8D0C0287EB918009A6427 /* Diary+FlavorRecord.swift */; };
		E2D8D0C7287F686E009A6427 /* Localizable.strings in Resources */ = {isa = PBXBuildFile; fileRef = E2D8D0CA287F686E009A6427 /* Localizable.strings */; };
		E2E6BC3028860C250049C490 /* Shape+Extension.swift in Sources */ = {isa = PBXBuildFile; fileRef = E2E6BC2F28860C250049C490 /* Shape+Extension.swift */; };
		E2E6BC3428860C610049C490 /* CornerRadiusStyle.swift in Sources */ = {isa = PBXBuildFile; fileRef = E2E6BC3328860C610049C490 /* CornerRadiusStyle.swift */; };
		E2FE3FB32862BC6F004F4626 /* NSManagedObjectContext+Extension.swift in Sources */ = {isa = PBXBuildFile; fileRef = E2FE3FB22862BC6F004F4626 /* NSManagedObjectContext+Extension.swift */; };
		E2FF05402874175800C737EE /* Recipe+Extension.swift in Sources */ = {isa = PBXBuildFile; fileRef = E2FF053F2874175800C737EE /* Recipe+Extension.swift */; };
		E2FF0544287425EE00C737EE /* RecipeList.swift in Sources */ = {isa = PBXBuildFile; fileRef = E2FF0543287425EE00C737EE /* RecipeList.swift */; };
		E2FF0546287425FC00C737EE /* RecipeForm.swift in Sources */ = {isa = PBXBuildFile; fileRef = E2FF0545287425FC00C737EE /* RecipeForm.swift */; };
/* End PBXBuildFile section */

/* Begin PBXFileReference section */
		E215CF1428596AFB00198F26 /* PouringDiaryApp.swift */ = {isa = PBXFileReference; lastKnownFileType = sourcecode.swift; path = PouringDiaryApp.swift; sourceTree = "<group>"; };
		E215CF1528596AFB00198F26 /* MainTabView.swift */ = {isa = PBXFileReference; lastKnownFileType = sourcecode.swift; path = MainTabView.swift; sourceTree = "<group>"; };
		E215CF1628596AFB00198F26 /* PersistenceController.swift */ = {isa = PBXFileReference; lastKnownFileType = sourcecode.swift; path = PersistenceController.swift; sourceTree = "<group>"; };
		E215CF1728596AFB00198F26 /* Assets.xcassets */ = {isa = PBXFileReference; lastKnownFileType = folder.assetcatalog; path = Assets.xcassets; sourceTree = "<group>"; };
		E215CF1C28596AFB00198F26 /* PouringDiary.app */ = {isa = PBXFileReference; explicitFileType = wrapper.application; includeInIndex = 0; path = PouringDiary.app; sourceTree = BUILT_PRODUCTS_DIR; };
		E215CF2428596AFB00198F26 /* macOS.entitlements */ = {isa = PBXFileReference; lastKnownFileType = text.plist.entitlements; path = macOS.entitlements; sourceTree = "<group>"; };
		E21BCA70289C9A0000ABC1F2 /* ci_pre_xcodebuild.sh */ = {isa = PBXFileReference; lastKnownFileType = text.script.sh; path = ci_pre_xcodebuild.sh; sourceTree = "<group>"; };
		E21CBB4C2859CC24008CEDC3 /* AppEnvironment.swift */ = {isa = PBXFileReference; lastKnownFileType = sourcecode.swift; path = AppEnvironment.swift; sourceTree = "<group>"; };
		E21F3FBF286F396900BFB481 /* CoffeeBeanList.swift */ = {isa = PBXFileReference; lastKnownFileType = sourcecode.swift; path = CoffeeBeanList.swift; sourceTree = "<group>"; };
		E23CB3A328937C700001BB7B /* SharedPost+Extension.swift */ = {isa = PBXFileReference; lastKnownFileType = sourcecode.swift; path = "SharedPost+Extension.swift"; sourceTree = "<group>"; };
		E23CB3A628937EC90001BB7B /* SharePostForm.swift */ = {isa = PBXFileReference; lastKnownFileType = sourcecode.swift; path = SharePostForm.swift; sourceTree = "<group>"; };
		E23CB3A82893BE180001BB7B /* PouringNote v0.1.0.xcdatamodel */ = {isa = PBXFileReference; lastKnownFileType = wrapper.xcdatamodel; path = "PouringNote v0.1.0.xcdatamodel"; sourceTree = "<group>"; };
		E23CB3A92893BEA60001BB7B /* MappingModel_v0.1.0.xcmappingmodel */ = {isa = PBXFileReference; lastKnownFileType = wrapper.xcmappingmodel; path = MappingModel_v0.1.0.xcmappingmodel; sourceTree = "<group>"; };
		E246D6C0289211280034AEFA /* Color+Extension.swift */ = {isa = PBXFileReference; lastKnownFileType = sourcecode.swift; path = "Color+Extension.swift"; sourceTree = "<group>"; };
		E2492A2E28927AE30060E51C /* PhotoPicker.swift */ = {isa = PBXFileReference; lastKnownFileType = sourcecode.swift; path = PhotoPicker.swift; sourceTree = "<group>"; };
		E26960B7286502FC00862F8E /* CoffeeBeanForm.swift */ = {isa = PBXFileReference; lastKnownFileType = sourcecode.swift; path = CoffeeBeanForm.swift; sourceTree = "<group>"; };
		E26960BA2865156E00862F8E /* TagItem.swift */ = {isa = PBXFileReference; lastKnownFileType = sourcecode.swift; path = TagItem.swift; sourceTree = "<group>"; };
		E269FE7B288D2F8D00AF17D3 /* Shared.xcdatamodel */ = {isa = PBXFileReference; lastKnownFileType = wrapper.xcdatamodel; path = Shared.xcdatamodel; sourceTree = "<group>"; };
		E283540328810ABA00BA4A7D /* FlavorItem.swift */ = {isa = PBXFileReference; lastKnownFileType = sourcecode.swift; path = FlavorItem.swift; sourceTree = "<group>"; };
		E29A754B2859B767007379FD /* Tag+Extension.swift */ = {isa = PBXFileReference; lastKnownFileType = sourcecode.swift; path = "Tag+Extension.swift"; sourceTree = "<group>"; };
		E29D02552877CC7F00A84A5D /* CoffeeBeanPicker.swift */ = {isa = PBXFileReference; lastKnownFileType = sourcecode.swift; path = CoffeeBeanPicker.swift; sourceTree = "<group>"; };
		E2ABD29E288F7E3100CBFCFF /* PublicTagList.swift */ = {isa = PBXFileReference; lastKnownFileType = sourcecode.swift; path = PublicTagList.swift; sourceTree = "<group>"; };
		E2ABD2A4288FD1C000CBFCFF /* ko */ = {isa = PBXFileReference; lastKnownFileType = text.plist.strings; name = ko; path = ko.lproj/InfoPlist.strings; sourceTree = "<group>"; };
		E2ABD2A6288FD1C400CBFCFF /* en */ = {isa = PBXFileReference; lastKnownFileType = text.plist.strings; name = en; path = en.lproj/InfoPlist.strings; sourceTree = "<group>"; };
		E2ABD2A72890C3D900CBFCFF /* FlavorSummary.swift */ = {isa = PBXFileReference; lastKnownFileType = sourcecode.swift; path = FlavorSummary.swift; sourceTree = "<group>"; };
		E2ABD2A92890C71100CBFCFF /* DiaryMemoCard.swift */ = {isa = PBXFileReference; lastKnownFileType = sourcecode.swift; path = DiaryMemoCard.swift; sourceTree = "<group>"; };
		E2AC03552863F9470005FFD2 /* CoffeeBean+Extension.swift */ = {isa = PBXFileReference; lastKnownFileType = sourcecode.swift; path = "CoffeeBean+Extension.swift"; sourceTree = "<group>"; };
		E2B3DEA8287C122B00DCCBAB /* Diary+Extension.swift */ = {isa = PBXFileReference; lastKnownFileType = sourcecode.swift; path = "Diary+Extension.swift"; sourceTree = "<group>"; };
		E2B3DEAB287CF84100DCCBAB /* DiaryList.swift */ = {isa = PBXFileReference; lastKnownFileType = sourcecode.swift; path = DiaryList.swift; sourceTree = "<group>"; };
		E2B3DEAE287CF84A00DCCBAB /* DiaryForm.swift */ = {isa = PBXFileReference; lastKnownFileType = sourcecode.swift; path = DiaryForm.swift; sourceTree = "<group>"; };
		E2B3DEB1287D3A7500DCCBAB /* RecipePicker.swift */ = {isa = PBXFileReference; lastKnownFileType = sourcecode.swift; path = RecipePicker.swift; sourceTree = "<group>"; };
		E2B3DEB5287E103D00DCCBAB /* Date+Extension.swift */ = {isa = PBXFileReference; lastKnownFileType = sourcecode.swift; path = "Date+Extension.swift"; sourceTree = "<group>"; };
		E2B481D328653DC100FBA847 /* TagPicker.swift */ = {isa = PBXFileReference; lastKnownFileType = sourcecode.swift; path = TagPicker.swift; sourceTree = "<group>"; };
		E2B481D82865453300FBA847 /* TagForm.swift */ = {isa = PBXFileReference; lastKnownFileType = sourcecode.swift; path = TagForm.swift; sourceTree = "<group>"; };
		E2B6F034289B132E0081D8EB /* ImageData+Extension.swift */ = {isa = PBXFileReference; lastKnownFileType = sourcecode.swift; path = "ImageData+Extension.swift"; sourceTree = "<group>"; };
		E2B6F036289B20700081D8EB /* PermissionController.swift */ = {isa = PBXFileReference; lastKnownFileType = sourcecode.swift; path = PermissionController.swift; sourceTree = "<group>"; };
		E2B6F03E289B4DDE0081D8EB /* AppDelegate.swift */ = {isa = PBXFileReference; lastKnownFileType = sourcecode.swift; path = AppDelegate.swift; sourceTree = "<group>"; };
		E2B6F040289B4E450081D8EB /* GoogleService-Info.plist */ = {isa = PBXFileReference; fileEncoding = 4; lastKnownFileType = text.plist.xml; path = "GoogleService-Info.plist"; sourceTree = "<group>"; };
		E2BC211B287FB1560000CEC1 /* FlavorRecordPicker.swift */ = {isa = PBXFileReference; lastKnownFileType = sourcecode.swift; path = FlavorRecordPicker.swift; sourceTree = "<group>"; };
		E2D255D6288BD21D00D2932F /* PublicTag+Extension.swift */ = {isa = PBXFileReference; lastKnownFileType = sourcecode.swift; path = "PublicTag+Extension.swift"; sourceTree = "<group>"; };
		E2D8D0C0287EB918009A6427 /* Diary+FlavorRecord.swift */ = {isa = PBXFileReference; lastKnownFileType = sourcecode.swift; path = "Diary+FlavorRecord.swift"; sourceTree = "<group>"; };
		E2D8D0C3287EBA90009A6427 /* PouringDiary (iOS).entitlements */ = {isa = PBXFileReference; lastKnownFileType = text.plist.entitlements; path = "PouringDiary (iOS).entitlements"; sourceTree = "<group>"; };
		E2D8D0C9287F686E009A6427 /* en */ = {isa = PBXFileReference; lastKnownFileType = text.plist.strings; name = en; path = en.lproj/Localizable.strings; sourceTree = "<group>"; };
		E2D8D0CB287F68CE009A6427 /* ko */ = {isa = PBXFileReference; lastKnownFileType = text.plist.strings; name = ko; path = ko.lproj/Localizable.strings; sourceTree = "<group>"; };
		E2E6BC2F28860C250049C490 /* Shape+Extension.swift */ = {isa = PBXFileReference; lastKnownFileType = sourcecode.swift; path = "Shape+Extension.swift"; sourceTree = "<group>"; };
		E2E6BC3328860C610049C490 /* CornerRadiusStyle.swift */ = {isa = PBXFileReference; lastKnownFileType = sourcecode.swift; path = CornerRadiusStyle.swift; sourceTree = "<group>"; };
		E2F1258B288676C0000451BF /* PouringDiary--iOS--Info.plist */ = {isa = PBXFileReference; lastKnownFileType = text.plist.xml; path = "PouringDiary--iOS--Info.plist"; sourceTree = "<group>"; };
		E2FE3FB22862BC6F004F4626 /* NSManagedObjectContext+Extension.swift */ = {isa = PBXFileReference; lastKnownFileType = sourcecode.swift; path = "NSManagedObjectContext+Extension.swift"; sourceTree = "<group>"; };
		E2FF053F2874175800C737EE /* Recipe+Extension.swift */ = {isa = PBXFileReference; lastKnownFileType = sourcecode.swift; path = "Recipe+Extension.swift"; sourceTree = "<group>"; };
		E2FF0543287425EE00C737EE /* RecipeList.swift */ = {isa = PBXFileReference; lastKnownFileType = sourcecode.swift; path = RecipeList.swift; sourceTree = "<group>"; };
		E2FF0545287425FC00C737EE /* RecipeForm.swift */ = {isa = PBXFileReference; lastKnownFileType = sourcecode.swift; path = RecipeForm.swift; sourceTree = "<group>"; };
/* End PBXFileReference section */

/* Begin PBXFrameworksBuildPhase section */
		E215CF1928596AFB00198F26 /* Frameworks */ = {
			isa = PBXFrameworksBuildPhase;
			buildActionMask = 2147483647;
			files = (
				E24C64EF28A2FBD900EAECB2 /* FirebaseAnalyticsSwift in Frameworks */,
				E24C64F128A2FBD900EAECB2 /* FirebaseAnalyticsWithoutAdIdSupport in Frameworks */,
			);
			runOnlyForDeploymentPostprocessing = 0;
		};
/* End PBXFrameworksBuildPhase section */

/* Begin PBXGroup section */
		E215CF0C28596AFA00198F26 = {
			isa = PBXGroup;
			children = (
				E21BCA6F289C99D800ABC1F2 /* ci_scripts */,
				E2F1258B288676C0000451BF /* PouringDiary--iOS--Info.plist */,
				E2D8D0C3287EBA90009A6427 /* PouringDiary (iOS).entitlements */,
				E215CF1128596AFB00198F26 /* Shared */,
				E215CF2328596AFB00198F26 /* macOS */,
				E215CF1D28596AFB00198F26 /* Products */,
			);
			sourceTree = "<group>";
		};
		E215CF1128596AFB00198F26 /* Shared */ = {
			isa = PBXGroup;
			children = (
				E21CBB4B2859CC18008CEDC3 /* Environment */,
				E2FE3FAA2862A042004F4626 /* App */,
				E29A754028599F35007379FD /* Model */,
				E2FE3FA92862A035004F4626 /* Views */,
			);
			path = Shared;
			sourceTree = "<group>";
		};
		E215CF1D28596AFB00198F26 /* Products */ = {
			isa = PBXGroup;
			children = (
				E215CF1C28596AFB00198F26 /* PouringDiary.app */,
			);
			name = Products;
			sourceTree = "<group>";
		};
		E215CF2328596AFB00198F26 /* macOS */ = {
			isa = PBXGroup;
			children = (
				E215CF2428596AFB00198F26 /* macOS.entitlements */,
			);
			path = macOS;
			sourceTree = "<group>";
		};
		E21BCA6F289C99D800ABC1F2 /* ci_scripts */ = {
			isa = PBXGroup;
			children = (
				E21BCA70289C9A0000ABC1F2 /* ci_pre_xcodebuild.sh */,
			);
			path = ci_scripts;
			sourceTree = "<group>";
		};
		E21CBB4B2859CC18008CEDC3 /* Environment */ = {
			isa = PBXGroup;
			children = (
				E269FE7A288D2F8D00AF17D3 /* PouringDiary.xcdatamodeld */,
				E215CF1728596AFB00198F26 /* Assets.xcassets */,
				E2B6F040289B4E450081D8EB /* GoogleService-Info.plist */,
				E21CBB4C2859CC24008CEDC3 /* AppEnvironment.swift */,
				E2B6F036289B20700081D8EB /* PermissionController.swift */,
				E215CF1628596AFB00198F26 /* PersistenceController.swift */,
				E2D8D0CA287F686E009A6427 /* Localizable.strings */,
				E2ABD2A5288FD1C000CBFCFF /* InfoPlist.strings */,
				E23CB3A92893BEA60001BB7B /* MappingModel_v0.1.0.xcmappingmodel */,
			);
			path = Environment;
			sourceTree = "<group>";
		};
		E21CBB522859D43D008CEDC3 /* Tag */ = {
			isa = PBXGroup;
			children = (
				E29A754B2859B767007379FD /* Tag+Extension.swift */,
				E2D255D6288BD21D00D2932F /* PublicTag+Extension.swift */,
			);
			path = Tag;
			sourceTree = "<group>";
		};
		E23CB3A228937C620001BB7B /* SharedPost */ = {
			isa = PBXGroup;
			children = (
				E23CB3A328937C700001BB7B /* SharedPost+Extension.swift */,
			);
			path = SharedPost;
			sourceTree = "<group>";
		};
		E23CB3A528937EAD0001BB7B /* SharePost */ = {
			isa = PBXGroup;
			children = (
				E23CB3A628937EC90001BB7B /* SharePostForm.swift */,
			);
			path = SharePost;
			sourceTree = "<group>";
		};
		E2492A2D28927AD80060E51C /* Utils */ = {
			isa = PBXGroup;
			children = (
				E2492A2E28927AE30060E51C /* PhotoPicker.swift */,
			);
			path = Utils;
			sourceTree = "<group>";
		};
		E26960B5286502D100862F8E /* CoffeeBean */ = {
			isa = PBXGroup;
			children = (
				E26960B7286502FC00862F8E /* CoffeeBeanForm.swift */,
				E21F3FBF286F396900BFB481 /* CoffeeBeanList.swift */,
				E29D02552877CC7F00A84A5D /* CoffeeBeanPicker.swift */,
			);
			path = CoffeeBean;
			sourceTree = "<group>";
		};
		E26960B92865155400862F8E /* Tag */ = {
			isa = PBXGroup;
			children = (
				E26960BA2865156E00862F8E /* TagItem.swift */,
				E2B481D328653DC100FBA847 /* TagPicker.swift */,
				E2B481D82865453300FBA847 /* TagForm.swift */,
				E2ABD29E288F7E3100CBFCFF /* PublicTagList.swift */,
			);
			path = Tag;
			sourceTree = "<group>";
		};
		E29A754028599F35007379FD /* Model */ = {
			isa = PBXGroup;
			children = (
				E2B6F033289B130F0081D8EB /* ImageData */,
				E23CB3A228937C620001BB7B /* SharedPost */,
				E2B3DEA7287C11EB00DCCBAB /* Diary */,
				E2FF053E2874152700C737EE /* Recipe */,
				E2AC03582863F9590005FFD2 /* CoffeeBean */,
				E21CBB522859D43D008CEDC3 /* Tag */,
				E2FE3FA82862A020004F4626 /* Extensions */,
			);
			path = Model;
			sourceTree = "<group>";
		};
		E2AC03582863F9590005FFD2 /* CoffeeBean */ = {
			isa = PBXGroup;
			children = (
				E2AC03552863F9470005FFD2 /* CoffeeBean+Extension.swift */,
			);
			path = CoffeeBean;
			sourceTree = "<group>";
		};
		E2B3DEA7287C11EB00DCCBAB /* Diary */ = {
			isa = PBXGroup;
			children = (
				E2B3DEA8287C122B00DCCBAB /* Diary+Extension.swift */,
				E2D8D0C0287EB918009A6427 /* Diary+FlavorRecord.swift */,
			);
			path = Diary;
			sourceTree = "<group>";
		};
		E2B3DEAA287CF81400DCCBAB /* Diary */ = {
			isa = PBXGroup;
			children = (
				E2BC211A287FB12D0000CEC1 /* FlaovrRecord */,
				E2B3DEAE287CF84A00DCCBAB /* DiaryForm.swift */,
				E2B3DEAB287CF84100DCCBAB /* DiaryList.swift */,
				E2ABD2A92890C71100CBFCFF /* DiaryMemoCard.swift */,
			);
			path = Diary;
			sourceTree = "<group>";
		};
		E2B3DEB4287E101400DCCBAB /* Extensions */ = {
			isa = PBXGroup;
			children = (
				E2B3DEB5287E103D00DCCBAB /* Date+Extension.swift */,
				E2E6BC2F28860C250049C490 /* Shape+Extension.swift */,
				E246D6C0289211280034AEFA /* Color+Extension.swift */,
			);
			path = Extensions;
			sourceTree = "<group>";
		};
		E2B6F033289B130F0081D8EB /* ImageData */ = {
			isa = PBXGroup;
			children = (
				E2B6F034289B132E0081D8EB /* ImageData+Extension.swift */,
			);
			path = ImageData;
			sourceTree = "<group>";
		};
		E2BC211A287FB12D0000CEC1 /* FlaovrRecord */ = {
			isa = PBXGroup;
			children = (
				E2BC211B287FB1560000CEC1 /* FlavorRecordPicker.swift */,
				E283540328810ABA00BA4A7D /* FlavorItem.swift */,
				E2ABD2A72890C3D900CBFCFF /* FlavorSummary.swift */,
			);
			path = FlaovrRecord;
			sourceTree = "<group>";
		};
		E2E6BC3228860C3D0049C490 /* Modifiers */ = {
			isa = PBXGroup;
			children = (
				E2E6BC3328860C610049C490 /* CornerRadiusStyle.swift */,
			);
			path = Modifiers;
			sourceTree = "<group>";
		};
		E2FE3FA82862A020004F4626 /* Extensions */ = {
			isa = PBXGroup;
			children = (
				E2FE3FB22862BC6F004F4626 /* NSManagedObjectContext+Extension.swift */,
			);
			path = Extensions;
			sourceTree = "<group>";
		};
		E2FE3FA92862A035004F4626 /* Views */ = {
			isa = PBXGroup;
			children = (
				E2492A2D28927AD80060E51C /* Utils */,
				E23CB3A528937EAD0001BB7B /* SharePost */,
				E2E6BC3228860C3D0049C490 /* Modifiers */,
				E2B3DEAA287CF81400DCCBAB /* Diary */,
				E2FF0542287425DB00C737EE /* Recipe */,
				E26960B92865155400862F8E /* Tag */,
				E26960B5286502D100862F8E /* CoffeeBean */,
				E2B3DEB4287E101400DCCBAB /* Extensions */,
				E215CF1528596AFB00198F26 /* MainTabView.swift */,
			);
			path = Views;
			sourceTree = "<group>";
		};
		E2FE3FAA2862A042004F4626 /* App */ = {
			isa = PBXGroup;
			children = (
				E215CF1428596AFB00198F26 /* PouringDiaryApp.swift */,
				E2B6F03E289B4DDE0081D8EB /* AppDelegate.swift */,
			);
			path = App;
			sourceTree = "<group>";
		};
		E2FF053E2874152700C737EE /* Recipe */ = {
			isa = PBXGroup;
			children = (
				E2FF053F2874175800C737EE /* Recipe+Extension.swift */,
			);
			path = Recipe;
			sourceTree = "<group>";
		};
		E2FF0542287425DB00C737EE /* Recipe */ = {
			isa = PBXGroup;
			children = (
				E2FF0545287425FC00C737EE /* RecipeForm.swift */,
				E2FF0543287425EE00C737EE /* RecipeList.swift */,
				E2B3DEB1287D3A7500DCCBAB /* RecipePicker.swift */,
			);
			path = Recipe;
			sourceTree = "<group>";
		};
/* End PBXGroup section */

/* Begin PBXNativeTarget section */
		E215CF1B28596AFB00198F26 /* PouringDiary (iOS) */ = {
			isa = PBXNativeTarget;
			buildConfigurationList = E215CF3128596AFB00198F26 /* Build configuration list for PBXNativeTarget "PouringDiary (iOS)" */;
			buildPhases = (
				E215CF1828596AFB00198F26 /* Sources */,
				E215CF1928596AFB00198F26 /* Frameworks */,
				E215CF1A28596AFB00198F26 /* Resources */,
				E2AC03542863F7B40005FFD2 /* Run Swiftlint Script */,
			);
			buildRules = (
			);
			dependencies = (
			);
			name = "PouringDiary (iOS)";
			packageProductDependencies = (
				E24C64EE28A2FBD900EAECB2 /* FirebaseAnalyticsSwift */,
				E24C64F028A2FBD900EAECB2 /* FirebaseAnalyticsWithoutAdIdSupport */,
			);
			productName = "PouringDiary (iOS)";
			productReference = E215CF1C28596AFB00198F26 /* PouringDiary.app */;
			productType = "com.apple.product-type.application";
		};
/* End PBXNativeTarget section */

/* Begin PBXProject section */
		E215CF0D28596AFA00198F26 /* Project object */ = {
			isa = PBXProject;
			attributes = {
				BuildIndependentTargetsInParallel = 1;
				LastSwiftUpdateCheck = 1330;
				LastUpgradeCheck = 1340;
				TargetAttributes = {
					E215CF1B28596AFB00198F26 = {
						CreatedOnToolsVersion = 13.3.1;
					};
				};
			};
			buildConfigurationList = E215CF1028596AFA00198F26 /* Build configuration list for PBXProject "PouringDiary" */;
			compatibilityVersion = "Xcode 13.0";
			developmentRegion = en;
			hasScannedForEncodings = 0;
			knownRegions = (
				en,
				Base,
				ko,
			);
			mainGroup = E215CF0C28596AFA00198F26;
			packageReferences = (
				E24C64ED28A2FBD900EAECB2 /* XCRemoteSwiftPackageReference "firebase-ios-sdk" */,
			);
			productRefGroup = E215CF1D28596AFB00198F26 /* Products */;
			projectDirPath = "";
			projectRoot = "";
			targets = (
				E215CF1B28596AFB00198F26 /* PouringDiary (iOS) */,
			);
		};
/* End PBXProject section */

/* Begin PBXResourcesBuildPhase section */
		E215CF1A28596AFB00198F26 /* Resources */ = {
			isa = PBXResourcesBuildPhase;
			buildActionMask = 2147483647;
			files = (
				E215CF2D28596AFB00198F26 /* Assets.xcassets in Resources */,
				E2B6F041289B4E450081D8EB /* GoogleService-Info.plist in Resources */,
				E2ABD2A3288FD1C000CBFCFF /* InfoPlist.strings in Resources */,
				E2D8D0C7287F686E009A6427 /* Localizable.strings in Resources */,
			);
			runOnlyForDeploymentPostprocessing = 0;
		};
/* End PBXResourcesBuildPhase section */

/* Begin PBXShellScriptBuildPhase section */
		E2AC03542863F7B40005FFD2 /* Run Swiftlint Script */ = {
			isa = PBXShellScriptBuildPhase;
			buildActionMask = 2147483647;
			files = (
			);
			inputFileListPaths = (
			);
			inputPaths = (
			);
			name = "Run Swiftlint Script";
			outputFileListPaths = (
			);
			outputPaths = (
			);
			runOnlyForDeploymentPostprocessing = 0;
			shellPath = /bin/sh;
			shellScript = "# Type a script or drag a script file from your workspace to insert its path.\nexport PATH=\"$PATH:/opt/homebrew/bin\"\nif which swiftlint > /dev/null; then\n  swiftlint\nelse\n  echo \"warning: SwiftLint not installed, download from https://github.com/realm/SwiftLint\"\nfi\n\n";
		};
/* End PBXShellScriptBuildPhase section */

/* Begin PBXSourcesBuildPhase section */
		E215CF1828596AFB00198F26 /* Sources */ = {
			isa = PBXSourcesBuildPhase;
			buildActionMask = 2147483647;
			files = (
				E2B481D92865453300FBA847 /* TagForm.swift in Sources */,
				E2B3DEB6287E103D00DCCBAB /* Date+Extension.swift in Sources */,
				E2FF05402874175800C737EE /* Recipe+Extension.swift in Sources */,
				E2ABD2AA2890C71100CBFCFF /* DiaryMemoCard.swift in Sources */,
				E26960B8286502FC00862F8E /* CoffeeBeanForm.swift in Sources */,
				E2B3DEA9287C122B00DCCBAB /* Diary+Extension.swift in Sources */,
				E2B6F037289B20700081D8EB /* PermissionController.swift in Sources */,
				E29A754C2859B767007379FD /* Tag+Extension.swift in Sources */,
				E215CF2728596AFB00198F26 /* PouringDiaryApp.swift in Sources */,
				E215CF2B28596AFB00198F26 /* PersistenceController.swift in Sources */,
				E2E6BC3428860C610049C490 /* CornerRadiusStyle.swift in Sources */,
				E215CF2928596AFB00198F26 /* MainTabView.swift in Sources */,
				E2AC03562863F9470005FFD2 /* CoffeeBean+Extension.swift in Sources */,
				E2E6BC3028860C250049C490 /* Shape+Extension.swift in Sources */,
				E2B481D428653DC100FBA847 /* TagPicker.swift in Sources */,
				E2B3DEAF287CF84A00DCCBAB /* DiaryForm.swift in Sources */,
				E2D255D7288BD21D00D2932F /* PublicTag+Extension.swift in Sources */,
				E21CBB4D2859CC24008CEDC3 /* AppEnvironment.swift in Sources */,
				E2D8D0C1287EB918009A6427 /* Diary+FlavorRecord.swift in Sources */,
				E2B3DEAC287CF84100DCCBAB /* DiaryList.swift in Sources */,
				E2FF0546287425FC00C737EE /* RecipeForm.swift in Sources */,
				E2B6F03F289B4DDE0081D8EB /* AppDelegate.swift in Sources */,
				E2FF0544287425EE00C737EE /* RecipeList.swift in Sources */,
				E2ABD2A82890C3D900CBFCFF /* FlavorSummary.swift in Sources */,
				E2BC211C287FB1560000CEC1 /* FlavorRecordPicker.swift in Sources */,
				E2492A2F28927AE30060E51C /* PhotoPicker.swift in Sources */,
				E246D6C1289211280034AEFA /* Color+Extension.swift in Sources */,
				E2FE3FB32862BC6F004F4626 /* NSManagedObjectContext+Extension.swift in Sources */,
				E23CB3A428937C700001BB7B /* SharedPost+Extension.swift in Sources */,
				E2B6F035289B132E0081D8EB /* ImageData+Extension.swift in Sources */,
				E23CB3AA2893BEA60001BB7B /* MappingModel_v0.1.0.xcmappingmodel in Sources */,
				E2B3DEB2287D3A7500DCCBAB /* RecipePicker.swift in Sources */,
				E23CB3A728937EC90001BB7B /* SharePostForm.swift in Sources */,
				E29D02562877CC7F00A84A5D /* CoffeeBeanPicker.swift in Sources */,
				E21F3FC0286F396900BFB481 /* CoffeeBeanList.swift in Sources */,
				E283540428810ABA00BA4A7D /* FlavorItem.swift in Sources */,
				E2ABD29F288F7E3100CBFCFF /* PublicTagList.swift in Sources */,
				E269FE7C288D2F8D00AF17D3 /* PouringDiary.xcdatamodeld in Sources */,
				E26960BB2865156E00862F8E /* TagItem.swift in Sources */,
			);
			runOnlyForDeploymentPostprocessing = 0;
		};
/* End PBXSourcesBuildPhase section */

/* Begin PBXVariantGroup section */
		E2ABD2A5288FD1C000CBFCFF /* InfoPlist.strings */ = {
			isa = PBXVariantGroup;
			children = (
				E2ABD2A4288FD1C000CBFCFF /* ko */,
				E2ABD2A6288FD1C400CBFCFF /* en */,
			);
			name = InfoPlist.strings;
			sourceTree = "<group>";
		};
		E2D8D0CA287F686E009A6427 /* Localizable.strings */ = {
			isa = PBXVariantGroup;
			children = (
				E2D8D0C9287F686E009A6427 /* en */,
				E2D8D0CB287F68CE009A6427 /* ko */,
			);
			name = Localizable.strings;
			sourceTree = "<group>";
		};
/* End PBXVariantGroup section */

/* Begin XCBuildConfiguration section */
		E215CF2F28596AFB00198F26 /* Debug */ = {
			isa = XCBuildConfiguration;
			buildSettings = {
				ALWAYS_SEARCH_USER_PATHS = NO;
				CLANG_ANALYZER_LOCALIZABILITY_NONLOCALIZED = YES;
				CLANG_ANALYZER_NONNULL = YES;
				CLANG_ANALYZER_NUMBER_OBJECT_CONVERSION = YES_AGGRESSIVE;
				CLANG_CXX_LANGUAGE_STANDARD = "gnu++17";
				CLANG_ENABLE_MODULES = YES;
				CLANG_ENABLE_OBJC_ARC = YES;
				CLANG_ENABLE_OBJC_WEAK = YES;
				CLANG_WARN_BLOCK_CAPTURE_AUTORELEASING = YES;
				CLANG_WARN_BOOL_CONVERSION = YES;
				CLANG_WARN_COMMA = YES;
				CLANG_WARN_CONSTANT_CONVERSION = YES;
				CLANG_WARN_DEPRECATED_OBJC_IMPLEMENTATIONS = YES;
				CLANG_WARN_DIRECT_OBJC_ISA_USAGE = YES_ERROR;
				CLANG_WARN_DOCUMENTATION_COMMENTS = YES;
				CLANG_WARN_EMPTY_BODY = YES;
				CLANG_WARN_ENUM_CONVERSION = YES;
				CLANG_WARN_INFINITE_RECURSION = YES;
				CLANG_WARN_INT_CONVERSION = YES;
				CLANG_WARN_NON_LITERAL_NULL_CONVERSION = YES;
				CLANG_WARN_OBJC_IMPLICIT_RETAIN_SELF = YES;
				CLANG_WARN_OBJC_LITERAL_CONVERSION = YES;
				CLANG_WARN_OBJC_ROOT_CLASS = YES_ERROR;
				CLANG_WARN_QUOTED_INCLUDE_IN_FRAMEWORK_HEADER = YES;
				CLANG_WARN_RANGE_LOOP_ANALYSIS = YES;
				CLANG_WARN_STRICT_PROTOTYPES = YES;
				CLANG_WARN_SUSPICIOUS_MOVE = YES;
				CLANG_WARN_UNGUARDED_AVAILABILITY = YES_AGGRESSIVE;
				CLANG_WARN_UNREACHABLE_CODE = YES;
				CLANG_WARN__DUPLICATE_METHOD_MATCH = YES;
				COPY_PHASE_STRIP = NO;
				DEBUG_INFORMATION_FORMAT = dwarf;
				ENABLE_STRICT_OBJC_MSGSEND = YES;
				ENABLE_TESTABILITY = YES;
				GCC_C_LANGUAGE_STANDARD = gnu11;
				GCC_DYNAMIC_NO_PIC = NO;
				GCC_NO_COMMON_BLOCKS = YES;
				GCC_OPTIMIZATION_LEVEL = 0;
				GCC_PREPROCESSOR_DEFINITIONS = (
					"DEBUG=1",
					"$(inherited)",
				);
				GCC_WARN_64_TO_32_BIT_CONVERSION = YES;
				GCC_WARN_ABOUT_RETURN_TYPE = YES_ERROR;
				GCC_WARN_UNDECLARED_SELECTOR = YES;
				GCC_WARN_UNINITIALIZED_AUTOS = YES_AGGRESSIVE;
				GCC_WARN_UNUSED_FUNCTION = YES;
				GCC_WARN_UNUSED_VARIABLE = YES;
				MTL_ENABLE_DEBUG_INFO = INCLUDE_SOURCE;
				MTL_FAST_MATH = YES;
				ONLY_ACTIVE_ARCH = YES;
				SWIFT_ACTIVE_COMPILATION_CONDITIONS = DEBUG;
				SWIFT_OPTIMIZATION_LEVEL = "-Onone";
			};
			name = Debug;
		};
		E215CF3028596AFB00198F26 /* Release */ = {
			isa = XCBuildConfiguration;
			buildSettings = {
				ALWAYS_SEARCH_USER_PATHS = NO;
				CLANG_ANALYZER_LOCALIZABILITY_NONLOCALIZED = YES;
				CLANG_ANALYZER_NONNULL = YES;
				CLANG_ANALYZER_NUMBER_OBJECT_CONVERSION = YES_AGGRESSIVE;
				CLANG_CXX_LANGUAGE_STANDARD = "gnu++17";
				CLANG_ENABLE_MODULES = YES;
				CLANG_ENABLE_OBJC_ARC = YES;
				CLANG_ENABLE_OBJC_WEAK = YES;
				CLANG_WARN_BLOCK_CAPTURE_AUTORELEASING = YES;
				CLANG_WARN_BOOL_CONVERSION = YES;
				CLANG_WARN_COMMA = YES;
				CLANG_WARN_CONSTANT_CONVERSION = YES;
				CLANG_WARN_DEPRECATED_OBJC_IMPLEMENTATIONS = YES;
				CLANG_WARN_DIRECT_OBJC_ISA_USAGE = YES_ERROR;
				CLANG_WARN_DOCUMENTATION_COMMENTS = YES;
				CLANG_WARN_EMPTY_BODY = YES;
				CLANG_WARN_ENUM_CONVERSION = YES;
				CLANG_WARN_INFINITE_RECURSION = YES;
				CLANG_WARN_INT_CONVERSION = YES;
				CLANG_WARN_NON_LITERAL_NULL_CONVERSION = YES;
				CLANG_WARN_OBJC_IMPLICIT_RETAIN_SELF = YES;
				CLANG_WARN_OBJC_LITERAL_CONVERSION = YES;
				CLANG_WARN_OBJC_ROOT_CLASS = YES_ERROR;
				CLANG_WARN_QUOTED_INCLUDE_IN_FRAMEWORK_HEADER = YES;
				CLANG_WARN_RANGE_LOOP_ANALYSIS = YES;
				CLANG_WARN_STRICT_PROTOTYPES = YES;
				CLANG_WARN_SUSPICIOUS_MOVE = YES;
				CLANG_WARN_UNGUARDED_AVAILABILITY = YES_AGGRESSIVE;
				CLANG_WARN_UNREACHABLE_CODE = YES;
				CLANG_WARN__DUPLICATE_METHOD_MATCH = YES;
				COPY_PHASE_STRIP = NO;
				DEBUG_INFORMATION_FORMAT = "dwarf-with-dsym";
				ENABLE_NS_ASSERTIONS = NO;
				ENABLE_STRICT_OBJC_MSGSEND = YES;
				GCC_C_LANGUAGE_STANDARD = gnu11;
				GCC_NO_COMMON_BLOCKS = YES;
				GCC_WARN_64_TO_32_BIT_CONVERSION = YES;
				GCC_WARN_ABOUT_RETURN_TYPE = YES_ERROR;
				GCC_WARN_UNDECLARED_SELECTOR = YES;
				GCC_WARN_UNINITIALIZED_AUTOS = YES_AGGRESSIVE;
				GCC_WARN_UNUSED_FUNCTION = YES;
				GCC_WARN_UNUSED_VARIABLE = YES;
				MTL_ENABLE_DEBUG_INFO = NO;
				MTL_FAST_MATH = YES;
				SWIFT_COMPILATION_MODE = wholemodule;
				SWIFT_OPTIMIZATION_LEVEL = "-O";
			};
			name = Release;
		};
		E215CF3228596AFB00198F26 /* Debug */ = {
			isa = XCBuildConfiguration;
			buildSettings = {
				ASSETCATALOG_COMPILER_APPICON_NAME = AppIconDebug;
				ASSETCATALOG_COMPILER_GLOBAL_ACCENT_COLOR_NAME = AccentColor;
				CODE_SIGN_ENTITLEMENTS = "PouringDiary (iOS).entitlements";
				CODE_SIGN_STYLE = Automatic;
				CURRENT_PROJECT_VERSION = 3;
				DEVELOPMENT_TEAM = 2B2B4NCTA5;
				ENABLE_PREVIEWS = YES;
				GENERATE_INFOPLIST_FILE = YES;
				INFOPLIST_FILE = "PouringDiary--iOS--Info.plist";
				INFOPLIST_KEY_CFBundleDisplayName = "푸어링노트";
				INFOPLIST_KEY_LSApplicationCategoryType = "public.app-category.lifestyle";
				INFOPLIST_KEY_NSPhotoLibraryUsageDescription = "";
				INFOPLIST_KEY_UIApplicationSceneManifest_Generation = YES;
				INFOPLIST_KEY_UIApplicationSupportsIndirectInputEvents = YES;
				INFOPLIST_KEY_UILaunchScreen_Generation = YES;
				INFOPLIST_KEY_UISupportedInterfaceOrientations = UIInterfaceOrientationPortrait;
				INFOPLIST_KEY_UISupportedInterfaceOrientations_iPad = "UIInterfaceOrientationPortrait UIInterfaceOrientationPortraitUpsideDown UIInterfaceOrientationLandscapeLeft UIInterfaceOrientationLandscapeRight";
				INFOPLIST_KEY_UISupportedInterfaceOrientations_iPhone = "UIInterfaceOrientationPortrait UIInterfaceOrientationLandscapeLeft UIInterfaceOrientationLandscapeRight";
				IPHONEOS_DEPLOYMENT_TARGET = 15.0;
				LD_RUNPATH_SEARCH_PATHS = (
					"$(inherited)",
					"@executable_path/Frameworks",
				);
				MARKETING_VERSION = 0.1.0;
				PRODUCT_BUNDLE_IDENTIFIER = academy.isaac.PouringDiary.debug;
				PRODUCT_NAME = PouringDiary;
				SDKROOT = iphoneos;
				SUPPORTS_MACCATALYST = YES;
				SWIFT_EMIT_LOC_STRINGS = YES;
				SWIFT_VERSION = 5.0;
				TARGETED_DEVICE_FAMILY = "1,2";
			};
			name = Debug;
		};
		E215CF3328596AFB00198F26 /* Release */ = {
			isa = XCBuildConfiguration;
			buildSettings = {
				ASSETCATALOG_COMPILER_APPICON_NAME = AppIcon;
				ASSETCATALOG_COMPILER_GLOBAL_ACCENT_COLOR_NAME = AccentColor;
				CODE_SIGN_ENTITLEMENTS = "PouringDiary (iOS).entitlements";
				CODE_SIGN_STYLE = Automatic;
				CURRENT_PROJECT_VERSION = 3;
				DEVELOPMENT_TEAM = 2B2B4NCTA5;
				ENABLE_PREVIEWS = YES;
				GENERATE_INFOPLIST_FILE = YES;
				INFOPLIST_FILE = "PouringDiary--iOS--Info.plist";
				INFOPLIST_KEY_CFBundleDisplayName = "푸어링노트";
				INFOPLIST_KEY_LSApplicationCategoryType = "public.app-category.lifestyle";
				INFOPLIST_KEY_NSPhotoLibraryUsageDescription = "";
				INFOPLIST_KEY_UIApplicationSceneManifest_Generation = YES;
				INFOPLIST_KEY_UIApplicationSupportsIndirectInputEvents = YES;
				INFOPLIST_KEY_UILaunchScreen_Generation = YES;
				INFOPLIST_KEY_UISupportedInterfaceOrientations = UIInterfaceOrientationPortrait;
				INFOPLIST_KEY_UISupportedInterfaceOrientations_iPad = "UIInterfaceOrientationPortrait UIInterfaceOrientationPortraitUpsideDown UIInterfaceOrientationLandscapeLeft UIInterfaceOrientationLandscapeRight";
				INFOPLIST_KEY_UISupportedInterfaceOrientations_iPhone = "UIInterfaceOrientationPortrait UIInterfaceOrientationLandscapeLeft UIInterfaceOrientationLandscapeRight";
				IPHONEOS_DEPLOYMENT_TARGET = 15.0;
				LD_RUNPATH_SEARCH_PATHS = (
					"$(inherited)",
					"@executable_path/Frameworks",
				);
				MARKETING_VERSION = 0.1.0;
				PRODUCT_BUNDLE_IDENTIFIER = academy.isaac.PouringDiary;
				PRODUCT_NAME = PouringDiary;
				SDKROOT = iphoneos;
				SUPPORTS_MACCATALYST = YES;
				SWIFT_EMIT_LOC_STRINGS = YES;
				SWIFT_VERSION = 5.0;
				TARGETED_DEVICE_FAMILY = "1,2";
				VALIDATE_PRODUCT = YES;
			};
			name = Release;
		};
/* End XCBuildConfiguration section */

/* Begin XCConfigurationList section */
		E215CF1028596AFA00198F26 /* Build configuration list for PBXProject "PouringDiary" */ = {
			isa = XCConfigurationList;
			buildConfigurations = (
				E215CF2F28596AFB00198F26 /* Debug */,
				E215CF3028596AFB00198F26 /* Release */,
			);
			defaultConfigurationIsVisible = 0;
			defaultConfigurationName = Release;
		};
		E215CF3128596AFB00198F26 /* Build configuration list for PBXNativeTarget "PouringDiary (iOS)" */ = {
			isa = XCConfigurationList;
			buildConfigurations = (
				E215CF3228596AFB00198F26 /* Debug */,
				E215CF3328596AFB00198F26 /* Release */,
			);
			defaultConfigurationIsVisible = 0;
			defaultConfigurationName = Release;
		};
/* End XCConfigurationList section */

/* Begin XCRemoteSwiftPackageReference section */
		E24C64ED28A2FBD900EAECB2 /* XCRemoteSwiftPackageReference "firebase-ios-sdk" */ = {
			isa = XCRemoteSwiftPackageReference;
			repositoryURL = "https://github.com/firebase/firebase-ios-sdk";
			requirement = {
				branch = master;
				kind = branch;
			};
		};
/* End XCRemoteSwiftPackageReference section */

/* Begin XCSwiftPackageProductDependency section */
		E24C64EE28A2FBD900EAECB2 /* FirebaseAnalyticsSwift */ = {
			isa = XCSwiftPackageProductDependency;
			package = E24C64ED28A2FBD900EAECB2 /* XCRemoteSwiftPackageReference "firebase-ios-sdk" */;
			productName = FirebaseAnalyticsSwift;
		};
		E24C64F028A2FBD900EAECB2 /* FirebaseAnalyticsWithoutAdIdSupport */ = {
			isa = XCSwiftPackageProductDependency;
			package = E24C64ED28A2FBD900EAECB2 /* XCRemoteSwiftPackageReference "firebase-ios-sdk" */;
			productName = FirebaseAnalyticsWithoutAdIdSupport;
		};
/* End XCSwiftPackageProductDependency section */

/* Begin XCVersionGroup section */
		E269FE7A288D2F8D00AF17D3 /* PouringDiary.xcdatamodeld */ = {
			isa = XCVersionGroup;
			children = (
				E23CB3A82893BE180001BB7B /* PouringNote v0.1.0.xcdatamodel */,
				E269FE7B288D2F8D00AF17D3 /* Shared.xcdatamodel */,
			);
			currentVersion = E23CB3A82893BE180001BB7B /* PouringNote v0.1.0.xcdatamodel */;
			path = PouringDiary.xcdatamodeld;
			sourceTree = "<group>";
			versionGroupType = wrapper.xcdatamodel;
		};
/* End XCVersionGroup section */
	};
	rootObject = E215CF0D28596AFA00198F26 /* Project object */;
}
